
Microsoft Visual Studio Solution File, Format Version 12.00
# Visual Studio Version 17
VisualStudioVersion = 17.11.35222.181
MinimumVisualStudioVersion = 10.0.40219.1
Project("{FAE04EC0-301F-11D3-BF4B-00C04F79EFBC}") = "DesignPatterns", "DesignPatterns\DesignPatterns.csproj", "{D23CB8B5-9E65-4309-B3B3-46CE51997113}"
EndProject
Global
	GlobalSection(SolutionConfigurationPlatforms) = preSolution
		Debug|Any CPU = Debug|Any CPU
		Release|Any CPU = Release|Any CPU
	EndGlobalSection
	GlobalSection(ProjectConfigurationPlatforms) = postSolution
		{D23CB8B5-9E65-4309-B3B3-46CE51997113}.Debug|Any CPU.ActiveCfg = Debug|Any CPU
		{D23CB8B5-9E65-4309-B3B3-46CE51997113}.Debug|Any CPU.Build.0 = Debug|Any CPU
		{D23CB8B5-9E65-4309-B3B3-46CE51997113}.Release|Any CPU.ActiveCfg = Release|Any CPU
		{D23CB8B5-9E65-4309-B3B3-46CE51997113}.Release|Any CPU.Build.0 = Release|Any CPU
	EndGlobalSection
	GlobalSection(SolutionProperties) = preSolution
		HideSolutionNode = FALSE
	EndGlobalSection
	GlobalSection(ExtensibilityGlobals) = postSolution
		SolutionGuid = {B2E3BA4B-3A27-4BCB-B0B7-EDEC9540FD42}
	EndGlobalSection
EndGlobal
